--- 
dependencies: 
  rails: 
    group: 
    - :default
    version: = 3.0.0.beta
  mysql: 
    group: 
    - :default
    version: ">= 0"
  ruby2ruby: 
    group: 
    - :default
    version: ">= 0"
  ParseTree: 
    group: 
    - :default
    version: ">= 0"
  rails-action-args: 
    group: 
    - :default
    version: ">= 0"
specs: 
- rake: 
    version: 0.8.7
- ZenTest: 
    version: 4.3.1
- RubyInline: 
    version: 3.8.4
- sexp_processor: 
    version: 3.0.4
- ParseTree: 
    version: 3.0.5
- abstract: 
    version: 1.0.0
- builder: 
    version: 2.1.2
- i18n: 
    version: 0.3.7
- memcache-client: 
    version: 1.7.8
- tzinfo: 
    version: 0.3.20
- activesupport: 
    version: 3.0.0.beta
- activemodel: 
    version: 3.0.0.beta
- erubis: 
    version: 2.6.5
- rack: 
    version: 1.1.0
- rack-mount: 
    version: 0.4.7
- rack-test: 
    version: 0.5.3
- actionpack: 
    version: 3.0.0.beta
- mime-types: 
    version: "1.16"
- polyglot: 
    version: 0.3.1
- treetop: 
    version: 1.4.5
- mail: 
    version: 2.1.5.3
- text-hyphen: 
    version: 1.0.0
- text-format: 
    version: 1.0.0
- actionmailer: 
    version: 3.0.0.beta
- arel: 
    version: 0.2.1
- activerecord: 
    version: 3.0.0.beta
- activeresource: 
    version: 3.0.0.beta
- bundler: 
    version: 0.9.25
- mysql: 
    version: 2.8.1
- thor: 
    version: 0.13.6
- railties: 
    version: 3.0.0.beta
- rails: 
    version: 3.0.0.beta
- rails-action-args: 
    version: 0.1.1
- ruby_parser: 
    version: 2.0.4
- ruby2ruby: 
    version: 1.2.4
hash: 6bd8b859d538a606b27c51038cb07100114507ce
sources: 
- Rubygems: 
    uri: http://gemcutter.org
